
Microsoft Visual Studio Solution File, Format Version 12.00
# Visual Studio Version 16
VisualStudioVersion = 16.0.31515.178
MinimumVisualStudioVersion = 10.0.40219.1
Project("{FAE04EC0-301F-11D3-BF4B-00C04F79EFBC}") = "SunLMS", "SunLMS\SunLMS.csproj", "{4A0F33A1-C828-44B9-8CA8-09F7702ADF39}"
EndProject
Project("{FAE04EC0-301F-11D3-BF4B-00C04F79EFBC}") = "SunLMS.Tests", "SunLMS.Tests\SunLMS.Tests.csproj", "{CE507DC3-F27D-40BB-8141-EAAF69438212}"
EndProject
Project("{FAE04EC0-301F-11D3-BF4B-00C04F79EFBC}") = "SunLMS.Bussiness", "SunLMS.Bussiness\SunLMS.Bussiness.csproj", "{F6983A79-BAAA-447B-9541-8A738620BEA5}"
EndProject
Project("{FAE04EC0-301F-11D3-BF4B-00C04F79EFBC}") = "SunLMS.Model", "SunLMS.Model\SunLMS.Model.csproj", "{D77FC5A9-93A3-45AB-A90E-F3FF2D7BD5EE}"
EndProject
Project("{FAE04EC0-301F-11D3-BF4B-00C04F79EFBC}") = "SunLMS.Database", "SunLMS.Database\SunLMS.Database.csproj", "{1B5298E8-087C-42D5-AE7F-42F2B6B986B6}"
EndProject
Global
	GlobalSection(SolutionConfigurationPlatforms) = preSolution
		Debug|Any CPU = Debug|Any CPU
		Release|Any CPU = Release|Any CPU
	EndGlobalSection
	GlobalSection(ProjectConfigurationPlatforms) = postSolution
		{4A0F33A1-C828-44B9-8CA8-09F7702ADF39}.Debug|Any CPU.ActiveCfg = Debug|Any CPU
		{4A0F33A1-C828-44B9-8CA8-09F7702ADF39}.Debug|Any CPU.Build.0 = Debug|Any CPU
		{4A0F33A1-C828-44B9-8CA8-09F7702ADF39}.Release|Any CPU.ActiveCfg = Release|Any CPU
		{4A0F33A1-C828-44B9-8CA8-09F7702ADF39}.Release|Any CPU.Build.0 = Release|Any CPU
		{CE507DC3-F27D-40BB-8141-EAAF69438212}.Debug|Any CPU.ActiveCfg = Debug|Any CPU
		{CE507DC3-F27D-40BB-8141-EAAF69438212}.Debug|Any CPU.Build.0 = Debug|Any CPU
		{CE507DC3-F27D-40BB-8141-EAAF69438212}.Release|Any CPU.ActiveCfg = Release|Any CPU
		{CE507DC3-F27D-40BB-8141-EAAF69438212}.Release|Any CPU.Build.0 = Release|Any CPU
		{F6983A79-BAAA-447B-9541-8A738620BEA5}.Debug|Any CPU.ActiveCfg = Debug|Any CPU
		{F6983A79-BAAA-447B-9541-8A738620BEA5}.Debug|Any CPU.Build.0 = Debug|Any CPU
		{F6983A79-BAAA-447B-9541-8A738620BEA5}.Release|Any CPU.ActiveCfg = Release|Any CPU
		{F6983A79-BAAA-447B-9541-8A738620BEA5}.Release|Any CPU.Build.0 = Release|Any CPU
		{D77FC5A9-93A3-45AB-A90E-F3FF2D7BD5EE}.Debug|Any CPU.ActiveCfg = Debug|Any CPU
		{D77FC5A9-93A3-45AB-A90E-F3FF2D7BD5EE}.Debug|Any CPU.Build.0 = Debug|Any CPU
		{D77FC5A9-93A3-45AB-A90E-F3FF2D7BD5EE}.Release|Any CPU.ActiveCfg = Release|Any CPU
		{D77FC5A9-93A3-45AB-A90E-F3FF2D7BD5EE}.Release|Any CPU.Build.0 = Release|Any CPU
		{1B5298E8-087C-42D5-AE7F-42F2B6B986B6}.Debug|Any CPU.ActiveCfg = Debug|Any CPU
		{1B5298E8-087C-42D5-AE7F-42F2B6B986B6}.Debug|Any CPU.Build.0 = Debug|Any CPU
		{1B5298E8-087C-42D5-AE7F-42F2B6B986B6}.Release|Any CPU.ActiveCfg = Release|Any CPU
		{1B5298E8-087C-42D5-AE7F-42F2B6B986B6}.Release|Any CPU.Build.0 = Release|Any CPU
	EndGlobalSection
	GlobalSection(SolutionProperties) = preSolution
		HideSolutionNode = FALSE
	EndGlobalSection
	GlobalSection(ExtensibilityGlobals) = postSolution
		SolutionGuid = {DBEC216D-B2E6-4A65-AAD3-F08ABFF7C46F}
	EndGlobalSection
EndGlobal
